// !$*UTF8*$!
{
	archiveVersion = 1;
	classes = {
	};
	objectVersion = 46;
	objects = {

/* Begin PBXBuildFile section */
		2AFEC09EE68B3C715DE71FB0 /* Pods_FakeInstagramUITests.framework in Frameworks */ = {isa = PBXBuildFile; fileRef = 7DBA3D99526F92E5BEA1BF1C /* Pods_FakeInstagramUITests.framework */; };
		35E0C70B822A0781DB3062F1 /* Pods_FakeInstagram.framework in Frameworks */ = {isa = PBXBuildFile; fileRef = BEC4324C9368584438648A3D /* Pods_FakeInstagram.framework */; };
		55147F3B1ED4FF4700724F86 /* AppDelegate.swift in Sources */ = {isa = PBXBuildFile; fileRef = 55147F3A1ED4FF4700724F86 /* AppDelegate.swift */; };
		55147F401ED4FF4700724F86 /* Main.storyboard in Resources */ = {isa = PBXBuildFile; fileRef = 55147F3E1ED4FF4700724F86 /* Main.storyboard */; };
		55147F421ED4FF4700724F86 /* Assets.xcassets in Resources */ = {isa = PBXBuildFile; fileRef = 55147F411ED4FF4700724F86 /* Assets.xcassets */; };
		55147F451ED4FF4700724F86 /* LaunchScreen.storyboard in Resources */ = {isa = PBXBuildFile; fileRef = 55147F431ED4FF4700724F86 /* LaunchScreen.storyboard */; };
		55147F501ED4FF4700724F86 /* FakeInstagramTests.swift in Sources */ = {isa = PBXBuildFile; fileRef = 55147F4F1ED4FF4700724F86 /* FakeInstagramTests.swift */; };
		55147F5B1ED4FF4700724F86 /* FakeInstagramUITests.swift in Sources */ = {isa = PBXBuildFile; fileRef = 55147F5A1ED4FF4700724F86 /* FakeInstagramUITests.swift */; };
		55147F691ED5000400724F86 /* GoogleService-Info.plist in Resources */ = {isa = PBXBuildFile; fileRef = 55147F681ED5000400724F86 /* GoogleService-Info.plist */; };
		55147F6A1ED5000400724F86 /* GoogleService-Info.plist in Resources */ = {isa = PBXBuildFile; fileRef = 55147F681ED5000400724F86 /* GoogleService-Info.plist */; };
		55147F6B1ED5000400724F86 /* GoogleService-Info.plist in Resources */ = {isa = PBXBuildFile; fileRef = 55147F681ED5000400724F86 /* GoogleService-Info.plist */; };
		55147F6D1ED5BA3300724F86 /* SignUpViewController.swift in Sources */ = {isa = PBXBuildFile; fileRef = 55147F6C1ED5BA3300724F86 /* SignUpViewController.swift */; };
		55147F6F1ED5F11900724F86 /* LoginViewController.swift in Sources */ = {isa = PBXBuildFile; fileRef = 55147F6E1ED5F11900724F86 /* LoginViewController.swift */; };
		55147F711ED64CB800724F86 /* UserCell.swift in Sources */ = {isa = PBXBuildFile; fileRef = 55147F701ED64CB800724F86 /* UserCell.swift */; };
		55147F731ED64E0200724F86 /* UsersViewController.swift in Sources */ = {isa = PBXBuildFile; fileRef = 55147F721ED64E0200724F86 /* UsersViewController.swift */; };
		55147F781ED6509300724F86 /* User.swift in Sources */ = {isa = PBXBuildFile; fileRef = 55147F771ED6509300724F86 /* User.swift */; };
		55147F7A1ED7093900724F86 /* UploadViewController.swift in Sources */ = {isa = PBXBuildFile; fileRef = 55147F791ED7093900724F86 /* UploadViewController.swift */; };
		55147F7C1ED73A9900724F86 /* Helper.swift in Sources */ = {isa = PBXBuildFile; fileRef = 55147F7B1ED73A9900724F86 /* Helper.swift */; };
		55ED602E1ED85AEA006F9CA0 /* PostCell.swift in Sources */ = {isa = PBXBuildFile; fileRef = 55ED602D1ED85AEA006F9CA0 /* PostCell.swift */; };
		55ED60301ED85CB7006F9CA0 /* Post.swift in Sources */ = {isa = PBXBuildFile; fileRef = 55ED602F1ED85CB7006F9CA0 /* Post.swift */; };
		55ED60321ED85D3F006F9CA0 /* FeedViewController.swift in Sources */ = {isa = PBXBuildFile; fileRef = 55ED60311ED85D3F006F9CA0 /* FeedViewController.swift */; };
		D4CF405DA0AA6C24806562CA /* Pods_FakeInstagramTests.framework in Frameworks */ = {isa = PBXBuildFile; fileRef = 2949396661948EB18E05B8EB /* Pods_FakeInstagramTests.framework */; };
/* End PBXBuildFile section */

/* Begin PBXContainerItemProxy section */
		55147F4C1ED4FF4700724F86 /* PBXContainerItemProxy */ = {
			isa = PBXContainerItemProxy;
			containerPortal = 55147F2F1ED4FF4700724F86 /* Project object */;
			proxyType = 1;
			remoteGlobalIDString = 55147F361ED4FF4700724F86;
			remoteInfo = FakeInstagram;
		};
		55147F571ED4FF4700724F86 /* PBXContainerItemProxy */ = {
			isa = PBXContainerItemProxy;
			containerPortal = 55147F2F1ED4FF4700724F86 /* Project object */;
			proxyType = 1;
			remoteGlobalIDString = 55147F361ED4FF4700724F86;
			remoteInfo = FakeInstagram;
		};
/* End PBXContainerItemProxy section */

/* Begin PBXFileReference section */
		072DADB5421C23ED32AD77A7 /* Pods-FakeInstagramTests.release.xcconfig */ = {isa = PBXFileReference; includeInIndex = 1; lastKnownFileType = text.xcconfig; name = "Pods-FakeInstagramTests.release.xcconfig"; path = "Pods/Target Support Files/Pods-FakeInstagramTests/Pods-FakeInstagramTests.release.xcconfig"; sourceTree = "<group>"; };
		28CB2CB51BE6DF5F5246DF0B /* Pods-FakeInstagramUITests.release.xcconfig */ = {isa = PBXFileReference; includeInIndex = 1; lastKnownFileType = text.xcconfig; name = "Pods-FakeInstagramUITests.release.xcconfig"; path = "Pods/Target Support Files/Pods-FakeInstagramUITests/Pods-FakeInstagramUITests.release.xcconfig"; sourceTree = "<group>"; };
		2949396661948EB18E05B8EB /* Pods_FakeInstagramTests.framework */ = {isa = PBXFileReference; explicitFileType = wrapper.framework; includeInIndex = 0; path = Pods_FakeInstagramTests.framework; sourceTree = BUILT_PRODUCTS_DIR; };
		3566A548AF8FBFBA675C0AE3 /* Pods-FakeInstagram.release.xcconfig */ = {isa = PBXFileReference; includeInIndex = 1; lastKnownFileType = text.xcconfig; name = "Pods-FakeInstagram.release.xcconfig"; path = "Pods/Target Support Files/Pods-FakeInstagram/Pods-FakeInstagram.release.xcconfig"; sourceTree = "<group>"; };
		55147F371ED4FF4700724F86 /* FakeInstagram.app */ = {isa = PBXFileReference; explicitFileType = wrapper.application; includeInIndex = 0; path = FakeInstagram.app; sourceTree = BUILT_PRODUCTS_DIR; };
		55147F3A1ED4FF4700724F86 /* AppDelegate.swift */ = {isa = PBXFileReference; lastKnownFileType = sourcecode.swift; path = AppDelegate.swift; sourceTree = "<group>"; };
		55147F3F1ED4FF4700724F86 /* Base */ = {isa = PBXFileReference; lastKnownFileType = file.storyboard; name = Base; path = Base.lproj/Main.storyboard; sourceTree = "<group>"; };
		55147F411ED4FF4700724F86 /* Assets.xcassets */ = {isa = PBXFileReference; lastKnownFileType = folder.assetcatalog; path = Assets.xcassets; sourceTree = "<group>"; };
		55147F441ED4FF4700724F86 /* Base */ = {isa = PBXFileReference; lastKnownFileType = file.storyboard; name = Base; path = Base.lproj/LaunchScreen.storyboard; sourceTree = "<group>"; };
		55147F461ED4FF4700724F86 /* Info.plist */ = {isa = PBXFileReference; lastKnownFileType = text.plist.xml; path = Info.plist; sourceTree = "<group>"; };
		55147F4B1ED4FF4700724F86 /* FakeInstagramTests.xctest */ = {isa = PBXFileReference; explicitFileType = wrapper.cfbundle; includeInIndex = 0; path = FakeInstagramTests.xctest; sourceTree = BUILT_PRODUCTS_DIR; };
		55147F4F1ED4FF4700724F86 /* FakeInstagramTests.swift */ = {isa = PBXFileReference; lastKnownFileType = sourcecode.swift; path = FakeInstagramTests.swift; sourceTree = "<group>"; };
		55147F511ED4FF4700724F86 /* Info.plist */ = {isa = PBXFileReference; lastKnownFileType = text.plist.xml; path = Info.plist; sourceTree = "<group>"; };
		55147F561ED4FF4700724F86 /* FakeInstagramUITests.xctest */ = {isa = PBXFileReference; explicitFileType = wrapper.cfbundle; includeInIndex = 0; path = FakeInstagramUITests.xctest; sourceTree = BUILT_PRODUCTS_DIR; };
		55147F5A1ED4FF4700724F86 /* FakeInstagramUITests.swift */ = {isa = PBXFileReference; lastKnownFileType = sourcecode.swift; path = FakeInstagramUITests.swift; sourceTree = "<group>"; };
		55147F5C1ED4FF4700724F86 /* Info.plist */ = {isa = PBXFileReference; lastKnownFileType = text.plist.xml; path = Info.plist; sourceTree = "<group>"; };
		55147F681ED5000400724F86 /* GoogleService-Info.plist */ = {isa = PBXFileReference; fileEncoding = 4; lastKnownFileType = text.plist.xml; path = "GoogleService-Info.plist"; sourceTree = "<group>"; };
		55147F6C1ED5BA3300724F86 /* SignUpViewController.swift */ = {isa = PBXFileReference; fileEncoding = 4; lastKnownFileType = sourcecode.swift; path = SignUpViewController.swift; sourceTree = "<group>"; };
		55147F6E1ED5F11900724F86 /* LoginViewController.swift */ = {isa = PBXFileReference; fileEncoding = 4; lastKnownFileType = sourcecode.swift; path = LoginViewController.swift; sourceTree = "<group>"; };
		55147F701ED64CB800724F86 /* UserCell.swift */ = {isa = PBXFileReference; fileEncoding = 4; lastKnownFileType = sourcecode.swift; path = UserCell.swift; sourceTree = "<group>"; };
		55147F721ED64E0200724F86 /* UsersViewController.swift */ = {isa = PBXFileReference; fileEncoding = 4; lastKnownFileType = sourcecode.swift; path = UsersViewController.swift; sourceTree = "<group>"; };
		55147F771ED6509300724F86 /* User.swift */ = {isa = PBXFileReference; fileEncoding = 4; lastKnownFileType = sourcecode.swift; path = User.swift; sourceTree = "<group>"; };
		55147F791ED7093900724F86 /* UploadViewController.swift */ = {isa = PBXFileReference; fileEncoding = 4; lastKnownFileType = sourcecode.swift; path = UploadViewController.swift; sourceTree = "<group>"; };
		55147F7B1ED73A9900724F86 /* Helper.swift */ = {isa = PBXFileReference; fileEncoding = 4; lastKnownFileType = sourcecode.swift; path = Helper.swift; sourceTree = "<group>"; };
		55ED602D1ED85AEA006F9CA0 /* PostCell.swift */ = {isa = PBXFileReference; fileEncoding = 4; lastKnownFileType = sourcecode.swift; path = PostCell.swift; sourceTree = "<group>"; };
		55ED602F1ED85CB7006F9CA0 /* Post.swift */ = {isa = PBXFileReference; fileEncoding = 4; lastKnownFileType = sourcecode.swift; path = Post.swift; sourceTree = "<group>"; };
		55ED60311ED85D3F006F9CA0 /* FeedViewController.swift */ = {isa = PBXFileReference; fileEncoding = 4; lastKnownFileType = sourcecode.swift; path = FeedViewController.swift; sourceTree = "<group>"; };
		662CB06D5BE0E785E744E8E0 /* Pods-FakeInstagramUITests.debug.xcconfig */ = {isa = PBXFileReference; includeInIndex = 1; lastKnownFileType = text.xcconfig; name = "Pods-FakeInstagramUITests.debug.xcconfig"; path = "Pods/Target Support Files/Pods-FakeInstagramUITests/Pods-FakeInstagramUITests.debug.xcconfig"; sourceTree = "<group>"; };
		7DBA3D99526F92E5BEA1BF1C /* Pods_FakeInstagramUITests.framework */ = {isa = PBXFileReference; explicitFileType = wrapper.framework; includeInIndex = 0; path = Pods_FakeInstagramUITests.framework; sourceTree = BUILT_PRODUCTS_DIR; };
		B285B34AB44841ED9DE4A038 /* Pods-FakeInstagramTests.debug.xcconfig */ = {isa = PBXFileReference; includeInIndex = 1; lastKnownFileType = text.xcconfig; name = "Pods-FakeInstagramTests.debug.xcconfig"; path = "Pods/Target Support Files/Pods-FakeInstagramTests/Pods-FakeInstagramTests.debug.xcconfig"; sourceTree = "<group>"; };
		BEC4324C9368584438648A3D /* Pods_FakeInstagram.framework */ = {isa = PBXFileReference; explicitFileType = wrapper.framework; includeInIndex = 0; path = Pods_FakeInstagram.framework; sourceTree = BUILT_PRODUCTS_DIR; };
		D93A1EE30F54CB39C044F314 /* Pods-FakeInstagram.debug.xcconfig */ = {isa = PBXFileReference; includeInIndex = 1; lastKnownFileType = text.xcconfig; name = "Pods-FakeInstagram.debug.xcconfig"; path = "Pods/Target Support Files/Pods-FakeInstagram/Pods-FakeInstagram.debug.xcconfig"; sourceTree = "<group>"; };
/* End PBXFileReference section */

/* Begin PBXFrameworksBuildPhase section */
		55147F341ED4FF4700724F86 /* Frameworks */ = {
			isa = PBXFrameworksBuildPhase;
			buildActionMask = 2147483647;
			files = (
				35E0C70B822A0781DB3062F1 /* Pods_FakeInstagram.framework in Frameworks */,
			);
			runOnlyForDeploymentPostprocessing = 0;
		};
		55147F481ED4FF4700724F86 /* Frameworks */ = {
			isa = PBXFrameworksBuildPhase;
			buildActionMask = 2147483647;
			files = (
				D4CF405DA0AA6C24806562CA /* Pods_FakeInstagramTests.framework in Frameworks */,
			);
			runOnlyForDeploymentPostprocessing = 0;
		};
		55147F531ED4FF4700724F86 /* Frameworks */ = {
			isa = PBXFrameworksBuildPhase;
			buildActionMask = 2147483647;
			files = (
				2AFEC09EE68B3C715DE71FB0 /* Pods_FakeInstagramUITests.framework in Frameworks */,
			);
			runOnlyForDeploymentPostprocessing = 0;
		};
/* End PBXFrameworksBuildPhase section */

/* Begin PBXGroup section */
		55147F2E1ED4FF4700724F86 = {
			isa = PBXGroup;
			children = (
				55147F391ED4FF4700724F86 /* FakeInstagram */,
				55147F4E1ED4FF4700724F86 /* FakeInstagramTests */,
				55147F591ED4FF4700724F86 /* FakeInstagramUITests */,
				55147F381ED4FF4700724F86 /* Products */,
				840C5CA15ED4CB148A84E827 /* Pods */,
				C01EA1180E50BDC60CF3B910 /* Frameworks */,
			);
			sourceTree = "<group>";
		};
		55147F381ED4FF4700724F86 /* Products */ = {
			isa = PBXGroup;
			children = (
				55147F371ED4FF4700724F86 /* FakeInstagram.app */,
				55147F4B1ED4FF4700724F86 /* FakeInstagramTests.xctest */,
				55147F561ED4FF4700724F86 /* FakeInstagramUITests.xctest */,
			);
			name = Products;
			sourceTree = "<group>";
		};
		55147F391ED4FF4700724F86 /* FakeInstagram */ = {
			isa = PBXGroup;
			children = (
				55147F761ED6506400724F86 /* Objects */,
				55147F751ED6505800724F86 /* CustomCell */,
				55147F741ED6504300724F86 /* ViewControllers */,
				55147F3A1ED4FF4700724F86 /* AppDelegate.swift */,
				55147F7B1ED73A9900724F86 /* Helper.swift */,
				55147F3E1ED4FF4700724F86 /* Main.storyboard */,
				55147F431ED4FF4700724F86 /* LaunchScreen.storyboard */,
				55147F411ED4FF4700724F86 /* Assets.xcassets */,
				55147F461ED4FF4700724F86 /* Info.plist */,
				55147F681ED5000400724F86 /* GoogleService-Info.plist */,
			);
			path = FakeInstagram;
			sourceTree = "<group>";
		};
		55147F4E1ED4FF4700724F86 /* FakeInstagramTests */ = {
			isa = PBXGroup;
			children = (
				55147F4F1ED4FF4700724F86 /* FakeInstagramTests.swift */,
				55147F511ED4FF4700724F86 /* Info.plist */,
			);
			path = FakeInstagramTests;
			sourceTree = "<group>";
		};
		55147F591ED4FF4700724F86 /* FakeInstagramUITests */ = {
			isa = PBXGroup;
			children = (
				55147F5A1ED4FF4700724F86 /* FakeInstagramUITests.swift */,
				55147F5C1ED4FF4700724F86 /* Info.plist */,
			);
			path = FakeInstagramUITests;
			sourceTree = "<group>";
		};
		55147F741ED6504300724F86 /* ViewControllers */ = {
			isa = PBXGroup;
			children = (
				55147F6C1ED5BA3300724F86 /* SignUpViewController.swift */,
				55147F6E1ED5F11900724F86 /* LoginViewController.swift */,
				55147F721ED64E0200724F86 /* UsersViewController.swift */,
				55147F791ED7093900724F86 /* UploadViewController.swift */,
				55ED60311ED85D3F006F9CA0 /* FeedViewController.swift */,
			);
			name = ViewControllers;
			sourceTree = "<group>";
		};
		55147F751ED6505800724F86 /* CustomCell */ = {
			isa = PBXGroup;
			children = (
				55147F701ED64CB800724F86 /* UserCell.swift */,
				55ED602D1ED85AEA006F9CA0 /* PostCell.swift */,
			);
			name = CustomCell;
			sourceTree = "<group>";
		};
		55147F761ED6506400724F86 /* Objects */ = {
			isa = PBXGroup;
			children = (
				55147F771ED6509300724F86 /* User.swift */,
				55ED602F1ED85CB7006F9CA0 /* Post.swift */,
			);
			name = Objects;
			sourceTree = "<group>";
		};
		840C5CA15ED4CB148A84E827 /* Pods */ = {
			isa = PBXGroup;
			children = (
				D93A1EE30F54CB39C044F314 /* Pods-FakeInstagram.debug.xcconfig */,
				3566A548AF8FBFBA675C0AE3 /* Pods-FakeInstagram.release.xcconfig */,
				B285B34AB44841ED9DE4A038 /* Pods-FakeInstagramTests.debug.xcconfig */,
				072DADB5421C23ED32AD77A7 /* Pods-FakeInstagramTests.release.xcconfig */,
				662CB06D5BE0E785E744E8E0 /* Pods-FakeInstagramUITests.debug.xcconfig */,
				28CB2CB51BE6DF5F5246DF0B /* Pods-FakeInstagramUITests.release.xcconfig */,
			);
			name = Pods;
			sourceTree = "<group>";
		};
		C01EA1180E50BDC60CF3B910 /* Frameworks */ = {
			isa = PBXGroup;
			children = (
				BEC4324C9368584438648A3D /* Pods_FakeInstagram.framework */,
				2949396661948EB18E05B8EB /* Pods_FakeInstagramTests.framework */,
				7DBA3D99526F92E5BEA1BF1C /* Pods_FakeInstagramUITests.framework */,
			);
			name = Frameworks;
			sourceTree = "<group>";
		};
/* End PBXGroup section */

/* Begin PBXNativeTarget section */
		55147F361ED4FF4700724F86 /* FakeInstagram */ = {
			isa = PBXNativeTarget;
			buildConfigurationList = 55147F5F1ED4FF4700724F86 /* Build configuration list for PBXNativeTarget "FakeInstagram" */;
			buildPhases = (
				E2B07E17D36570DFA23ECB8E /* [CP] Check Pods Manifest.lock */,
				55147F331ED4FF4700724F86 /* Sources */,
				55147F341ED4FF4700724F86 /* Frameworks */,
				55147F351ED4FF4700724F86 /* Resources */,
				9ABF88A72CDE8F9F28095BDC /* [CP] Embed Pods Frameworks */,
				3997842DE8CEB176C25FE487 /* [CP] Copy Pods Resources */,
			);
			buildRules = (
			);
			dependencies = (
			);
			name = FakeInstagram;
			productName = FakeInstagram;
			productReference = 55147F371ED4FF4700724F86 /* FakeInstagram.app */;
			productType = "com.apple.product-type.application";
		};
		55147F4A1ED4FF4700724F86 /* FakeInstagramTests */ = {
			isa = PBXNativeTarget;
			buildConfigurationList = 55147F621ED4FF4700724F86 /* Build configuration list for PBXNativeTarget "FakeInstagramTests" */;
			buildPhases = (
				28427ADEB9FA77826A126419 /* [CP] Check Pods Manifest.lock */,
				55147F471ED4FF4700724F86 /* Sources */,
				55147F481ED4FF4700724F86 /* Frameworks */,
				55147F491ED4FF4700724F86 /* Resources */,
				D1B3510DFB9E3454DC6C9334 /* [CP] Embed Pods Frameworks */,
				EE5965EFD158A3308DB50516 /* [CP] Copy Pods Resources */,
			);
			buildRules = (
			);
			dependencies = (
				55147F4D1ED4FF4700724F86 /* PBXTargetDependency */,
			);
			name = FakeInstagramTests;
			productName = FakeInstagramTests;
			productReference = 55147F4B1ED4FF4700724F86 /* FakeInstagramTests.xctest */;
			productType = "com.apple.product-type.bundle.unit-test";
		};
		55147F551ED4FF4700724F86 /* FakeInstagramUITests */ = {
			isa = PBXNativeTarget;
			buildConfigurationList = 55147F651ED4FF4700724F86 /* Build configuration list for PBXNativeTarget "FakeInstagramUITests" */;
			buildPhases = (
				FEDB266ABF9CC7A11A9AAD72 /* [CP] Check Pods Manifest.lock */,
				55147F521ED4FF4700724F86 /* Sources */,
				55147F531ED4FF4700724F86 /* Frameworks */,
				55147F541ED4FF4700724F86 /* Resources */,
				A2EE7AF6B8E54B20257C6DC5 /* [CP] Embed Pods Frameworks */,
				67481B21B2B04D1ACA5D83B9 /* [CP] Copy Pods Resources */,
			);
			buildRules = (
			);
			dependencies = (
				55147F581ED4FF4700724F86 /* PBXTargetDependency */,
			);
			name = FakeInstagramUITests;
			productName = FakeInstagramUITests;
			productReference = 55147F561ED4FF4700724F86 /* FakeInstagramUITests.xctest */;
			productType = "com.apple.product-type.bundle.ui-testing";
		};
/* End PBXNativeTarget section */

/* Begin PBXProject section */
		55147F2F1ED4FF4700724F86 /* Project object */ = {
			isa = PBXProject;
			attributes = {
				LastSwiftUpdateCheck = 0830;
				LastUpgradeCheck = 0830;
				ORGANIZATIONNAME = Dave;
				TargetAttributes = {
					55147F361ED4FF4700724F86 = {
						CreatedOnToolsVersion = 8.3.2;
						DevelopmentTeam = DE8BN3U97V;
						ProvisioningStyle = Automatic;
					};
					55147F4A1ED4FF4700724F86 = {
						CreatedOnToolsVersion = 8.3.2;
						DevelopmentTeam = DE8BN3U97V;
						ProvisioningStyle = Automatic;
						TestTargetID = 55147F361ED4FF4700724F86;
					};
					55147F551ED4FF4700724F86 = {
						CreatedOnToolsVersion = 8.3.2;
						DevelopmentTeam = DE8BN3U97V;
						ProvisioningStyle = Automatic;
						TestTargetID = 55147F361ED4FF4700724F86;
					};
				};
			};
			buildConfigurationList = 55147F321ED4FF4700724F86 /* Build configuration list for PBXProject "FakeInstagram" */;
			compatibilityVersion = "Xcode 3.2";
			developmentRegion = English;
			hasScannedForEncodings = 0;
			knownRegions = (
				en,
				Base,
			);
			mainGroup = 55147F2E1ED4FF4700724F86;
			productRefGroup = 55147F381ED4FF4700724F86 /* Products */;
			projectDirPath = "";
			projectRoot = "";
			targets = (
				55147F361ED4FF4700724F86 /* FakeInstagram */,
				55147F4A1ED4FF4700724F86 /* FakeInstagramTests */,
				55147F551ED4FF4700724F86 /* FakeInstagramUITests */,
			);
		};
/* End PBXProject section */

/* Begin PBXResourcesBuildPhase section */
		55147F351ED4FF4700724F86 /* Resources */ = {
			isa = PBXResourcesBuildPhase;
			buildActionMask = 2147483647;
			files = (
				55147F451ED4FF4700724F86 /* LaunchScreen.storyboard in Resources */,
				55147F691ED5000400724F86 /* GoogleService-Info.plist in Resources */,
				55147F421ED4FF4700724F86 /* Assets.xcassets in Resources */,
				55147F401ED4FF4700724F86 /* Main.storyboard in Resources */,
			);
			runOnlyForDeploymentPostprocessing = 0;
		};
		55147F491ED4FF4700724F86 /* Resources */ = {
			isa = PBXResourcesBuildPhase;
			buildActionMask = 2147483647;
			files = (
				55147F6A1ED5000400724F86 /* GoogleService-Info.plist in Resources */,
			);
			runOnlyForDeploymentPostprocessing = 0;
		};
		55147F541ED4FF4700724F86 /* Resources */ = {
			isa = PBXResourcesBuildPhase;
			buildActionMask = 2147483647;
			files = (
				55147F6B1ED5000400724F86 /* GoogleService-Info.plist in Resources */,
			);
			runOnlyForDeploymentPostprocessing = 0;
		};
/* End PBXResourcesBuildPhase section */

/* Begin PBXShellScriptBuildPhase section */
		28427ADEB9FA77826A126419 /* [CP] Check Pods Manifest.lock */ = {
			isa = PBXShellScriptBuildPhase;
			buildActionMask = 2147483647;
			files = (
			);
			inputPaths = (
			);
			name = "[CP] Check Pods Manifest.lock";
			outputPaths = (
			);
			runOnlyForDeploymentPostprocessing = 0;
			shellPath = /bin/sh;
			shellScript = "diff \"${PODS_ROOT}/../Podfile.lock\" \"${PODS_ROOT}/Manifest.lock\" > /dev/null\nif [ $? != 0 ] ; then\n    # print error to STDERR\n    echo \"error: The sandbox is not in sync with the Podfile.lock. Run 'pod install' or update your CocoaPods installation.\" >&2\n    exit 1\nfi\n";
			showEnvVarsInLog = 0;
		};
		3997842DE8CEB176C25FE487 /* [CP] Copy Pods Resources */ = {
			isa = PBXShellScriptBuildPhase;
			buildActionMask = 2147483647;
			files = (
			);
			inputPaths = (
			);
			name = "[CP] Copy Pods Resources";
			outputPaths = (
			);
			runOnlyForDeploymentPostprocessing = 0;
			shellPath = /bin/sh;
			shellScript = "\"${SRCROOT}/Pods/Target Support Files/Pods-FakeInstagram/Pods-FakeInstagram-resources.sh\"\n";
			showEnvVarsInLog = 0;
		};
		67481B21B2B04D1ACA5D83B9 /* [CP] Copy Pods Resources */ = {
			isa = PBXShellScriptBuildPhase;
			buildActionMask = 2147483647;
			files = (
			);
			inputPaths = (
			);
			name = "[CP] Copy Pods Resources";
			outputPaths = (
			);
			runOnlyForDeploymentPostprocessing = 0;
			shellPath = /bin/sh;
			shellScript = "\"${SRCROOT}/Pods/Target Support Files/Pods-FakeInstagramUITests/Pods-FakeInstagramUITests-resources.sh\"\n";
			showEnvVarsInLog = 0;
		};
		9ABF88A72CDE8F9F28095BDC /* [CP] Embed Pods Frameworks */ = {
			isa = PBXShellScriptBuildPhase;
			buildActionMask = 2147483647;
			files = (
			);
			inputPaths = (
			);
			name = "[CP] Embed Pods Frameworks";
			outputPaths = (
			);
			runOnlyForDeploymentPostprocessing = 0;
			shellPath = /bin/sh;
			shellScript = "\"${SRCROOT}/Pods/Target Support Files/Pods-FakeInstagram/Pods-FakeInstagram-frameworks.sh\"\n";
			showEnvVarsInLog = 0;
		};
		A2EE7AF6B8E54B20257C6DC5 /* [CP] Embed Pods Frameworks */ = {
			isa = PBXShellScriptBuildPhase;
			buildActionMask = 2147483647;
			files = (
			);
			inputPaths = (
			);
			name = "[CP] Embed Pods Frameworks";
			outputPaths = (
			);
			runOnlyForDeploymentPostprocessing = 0;
			shellPath = /bin/sh;
			shellScript = "\"${SRCROOT}/Pods/Target Support Files/Pods-FakeInstagramUITests/Pods-FakeInstagramUITests-frameworks.sh\"\n";
			showEnvVarsInLog = 0;
		};
		D1B3510DFB9E3454DC6C9334 /* [CP] Embed Pods Frameworks */ = {
			isa = PBXShellScriptBuildPhase;
			buildActionMask = 2147483647;
			files = (
			);
			inputPaths = (
			);
			name = "[CP] Embed Pods Frameworks";
			outputPaths = (
			);
			runOnlyForDeploymentPostprocessing = 0;
			shellPath = /bin/sh;
			shellScript = "\"${SRCROOT}/Pods/Target Support Files/Pods-FakeInstagramTests/Pods-FakeInstagramTests-frameworks.sh\"\n";
			showEnvVarsInLog = 0;
		};
		E2B07E17D36570DFA23ECB8E /* [CP] Check Pods Manifest.lock */ = {
			isa = PBXShellScriptBuildPhase;
			buildActionMask = 2147483647;
			files = (
			);
			inputPaths = (
			);
			name = "[CP] Check Pods Manifest.lock";
			outputPaths = (
			);
			runOnlyForDeploymentPostprocessing = 0;
			shellPath = /bin/sh;
			shellScript = "diff \"${PODS_ROOT}/../Podfile.lock\" \"${PODS_ROOT}/Manifest.lock\" > /dev/null\nif [ $? != 0 ] ; then\n    # print error to STDERR\n    echo \"error: The sandbox is not in sync with the Podfile.lock. Run 'pod install' or update your CocoaPods installation.\" >&2\n    exit 1\nfi\n";
			showEnvVarsInLog = 0;
		};
		EE5965EFD158A3308DB50516 /* [CP] Copy Pods Resources */ = {
			isa = PBXShellScriptBuildPhase;
			buildActionMask = 2147483647;
			files = (
			);
			inputPaths = (
			);
			name = "[CP] Copy Pods Resources";
			outputPaths = (
			);
			runOnlyForDeploymentPostprocessing = 0;
			shellPath = /bin/sh;
			shellScript = "\"${SRCROOT}/Pods/Target Support Files/Pods-FakeInstagramTests/Pods-FakeInstagramTests-resources.sh\"\n";
			showEnvVarsInLog = 0;
		};
		FEDB266ABF9CC7A11A9AAD72 /* [CP] Check Pods Manifest.lock */ = {
			isa = PBXShellScriptBuildPhase;
			buildActionMask = 2147483647;
			files = (
			);
			inputPaths = (
			);
			name = "[CP] Check Pods Manifest.lock";
			outputPaths = (
			);
			runOnlyForDeploymentPostprocessing = 0;
			shellPath = /bin/sh;
			shellScript = "diff \"${PODS_ROOT}/../Podfile.lock\" \"${PODS_ROOT}/Manifest.lock\" > /dev/null\nif [ $? != 0 ] ; then\n    # print error to STDERR\n    echo \"error: The sandbox is not in sync with the Podfile.lock. Run 'pod install' or update your CocoaPods installation.\" >&2\n    exit 1\nfi\n";
			showEnvVarsInLog = 0;
		};
/* End PBXShellScriptBuildPhase section */

/* Begin PBXSourcesBuildPhase section */
		55147F331ED4FF4700724F86 /* Sources */ = {
			isa = PBXSourcesBuildPhase;
			buildActionMask = 2147483647;
			files = (
				55147F6F1ED5F11900724F86 /* LoginViewController.swift in Sources */,
				55147F7A1ED7093900724F86 /* UploadViewController.swift in Sources */,
				55ED60301ED85CB7006F9CA0 /* Post.swift in Sources */,
				55147F731ED64E0200724F86 /* UsersViewController.swift in Sources */,
				55147F6D1ED5BA3300724F86 /* SignUpViewController.swift in Sources */,
				55147F7C1ED73A9900724F86 /* Helper.swift in Sources */,
				55147F711ED64CB800724F86 /* UserCell.swift in Sources */,
				55ED602E1ED85AEA006F9CA0 /* PostCell.swift in Sources */,
				55147F3B1ED4FF4700724F86 /* AppDelegate.swift in Sources */,
				55ED60321ED85D3F006F9CA0 /* FeedViewController.swift in Sources */,
				55147F781ED6509300724F86 /* User.swift in Sources */,
			);
			runOnlyForDeploymentPostprocessing = 0;
		};
		55147F471ED4FF4700724F86 /* Sources */ = {
			isa = PBXSourcesBuildPhase;
			buildActionMask = 2147483647;
			files = (
				55147F501ED4FF4700724F86 /* FakeInstagramTests.swift in Sources */,
			);
			runOnlyForDeploymentPostprocessing = 0;
		};
		55147F521ED4FF4700724F86 /* Sources */ = {
			isa = PBXSourcesBuildPhase;
			buildActionMask = 2147483647;
			files = (
				55147F5B1ED4FF4700724F86 /* FakeInstagramUITests.swift in Sources */,
			);
			runOnlyForDeploymentPostprocessing = 0;
		};
/* End PBXSourcesBuildPhase section */

/* Begin PBXTargetDependency section */
		55147F4D1ED4FF4700724F86 /* PBXTargetDependency */ = {
			isa = PBXTargetDependency;
			target = 55147F361ED4FF4700724F86 /* FakeInstagram */;
			targetProxy = 55147F4C1ED4FF4700724F86 /* PBXContainerItemProxy */;
		};
		55147F581ED4FF4700724F86 /* PBXTargetDependency */ = {
			isa = PBXTargetDependency;
			target = 55147F361ED4FF4700724F86 /* FakeInstagram */;
			targetProxy = 55147F571ED4FF4700724F86 /* PBXContainerItemProxy */;
		};
/* End PBXTargetDependency section */

/* Begin PBXVariantGroup section */
		55147F3E1ED4FF4700724F86 /* Main.storyboard */ = {
			isa = PBXVariantGroup;
			children = (
				55147F3F1ED4FF4700724F86 /* Base */,
			);
			name = Main.storyboard;
			sourceTree = "<group>";
		};
		55147F431ED4FF4700724F86 /* LaunchScreen.storyboard */ = {
			isa = PBXVariantGroup;
			children = (
				55147F441ED4FF4700724F86 /* Base */,
			);
			name = LaunchScreen.storyboard;
			sourceTree = "<group>";
		};
/* End PBXVariantGroup section */

/* Begin XCBuildConfiguration section */
		55147F5D1ED4FF4700724F86 /* Debug */ = {
			isa = XCBuildConfiguration;
			buildSettings = {
				ALWAYS_SEARCH_USER_PATHS = NO;
				CLANG_ANALYZER_NONNULL = YES;
				CLANG_ANALYZER_NUMBER_OBJECT_CONVERSION = YES_AGGRESSIVE;
				CLANG_CXX_LANGUAGE_STANDARD = "gnu++0x";
				CLANG_CXX_LIBRARY = "libc++";
				CLANG_ENABLE_MODULES = YES;
				CLANG_ENABLE_OBJC_ARC = YES;
				CLANG_WARN_BOOL_CONVERSION = YES;
				CLANG_WARN_CONSTANT_CONVERSION = YES;
				CLANG_WARN_DIRECT_OBJC_ISA_USAGE = YES_ERROR;
				CLANG_WARN_DOCUMENTATION_COMMENTS = YES;
				CLANG_WARN_EMPTY_BODY = YES;
				CLANG_WARN_ENUM_CONVERSION = YES;
				CLANG_WARN_INFINITE_RECURSION = YES;
				CLANG_WARN_INT_CONVERSION = YES;
				CLANG_WARN_OBJC_ROOT_CLASS = YES_ERROR;
				CLANG_WARN_SUSPICIOUS_MOVE = YES;
				CLANG_WARN_UNREACHABLE_CODE = YES;
				CLANG_WARN__DUPLICATE_METHOD_MATCH = YES;
				"CODE_SIGN_IDENTITY[sdk=iphoneos*]" = "iPhone Developer";
				COPY_PHASE_STRIP = NO;
				DEBUG_INFORMATION_FORMAT = dwarf;
				ENABLE_STRICT_OBJC_MSGSEND = YES;
				ENABLE_TESTABILITY = YES;
				GCC_C_LANGUAGE_STANDARD = gnu99;
				GCC_DYNAMIC_NO_PIC = NO;
				GCC_NO_COMMON_BLOCKS = YES;
				GCC_OPTIMIZATION_LEVEL = 0;
				GCC_PREPROCESSOR_DEFINITIONS = (
					"DEBUG=1",
					"$(inherited)",
				);
				GCC_WARN_64_TO_32_BIT_CONVERSION = YES;
				GCC_WARN_ABOUT_RETURN_TYPE = YES_ERROR;
				GCC_WARN_UNDECLARED_SELECTOR = YES;
				GCC_WARN_UNINITIALIZED_AUTOS = YES_AGGRESSIVE;
				GCC_WARN_UNUSED_FUNCTION = YES;
				GCC_WARN_UNUSED_VARIABLE = YES;
				IPHONEOS_DEPLOYMENT_TARGET = 10.3;
				MTL_ENABLE_DEBUG_INFO = YES;
				ONLY_ACTIVE_ARCH = YES;
				SDKROOT = iphoneos;
				SWIFT_ACTIVE_COMPILATION_CONDITIONS = DEBUG;
				SWIFT_OPTIMIZATION_LEVEL = "-Onone";
				TARGETED_DEVICE_FAMILY = "1,2";
			};
			name = Debug;
		};
		55147F5E1ED4FF4700724F86 /* Release */ = {
			isa = XCBuildConfiguration;
			buildSettings = {
				ALWAYS_SEARCH_USER_PATHS = NO;
				CLANG_ANALYZER_NONNULL = YES;
				CLANG_ANALYZER_NUMBER_OBJECT_CONVERSION = YES_AGGRESSIVE;
				CLANG_CXX_LANGUAGE_STANDARD = "gnu++0x";
				CLANG_CXX_LIBRARY = "libc++";
				CLANG_ENABLE_MODULES = YES;
				CLANG_ENABLE_OBJC_ARC = YES;
				CLANG_WARN_BOOL_CONVERSION = YES;
				CLANG_WARN_CONSTANT_CONVERSION = YES;
				CLANG_WARN_DIRECT_OBJC_ISA_USAGE = YES_ERROR;
				CLANG_WARN_DOCUMENTATION_COMMENTS = YES;
				CLANG_WARN_EMPTY_BODY = YES;
				CLANG_WARN_ENUM_CONVERSION = YES;
				CLANG_WARN_INFINITE_RECURSION = YES;
				CLANG_WARN_INT_CONVERSION = YES;
				CLANG_WARN_OBJC_ROOT_CLASS = YES_ERROR;
				CLANG_WARN_SUSPICIOUS_MOVE = YES;
				CLANG_WARN_UNREACHABLE_CODE = YES;
				CLANG_WARN__DUPLICATE_METHOD_MATCH = YES;
				"CODE_SIGN_IDENTITY[sdk=iphoneos*]" = "iPhone Developer";
				COPY_PHASE_STRIP = NO;
				DEBUG_INFORMATION_FORMAT = "dwarf-with-dsym";
				ENABLE_NS_ASSERTIONS = NO;
				ENABLE_STRICT_OBJC_MSGSEND = YES;
				GCC_C_LANGUAGE_STANDARD = gnu99;
				GCC_NO_COMMON_BLOCKS = YES;
				GCC_WARN_64_TO_32_BIT_CONVERSION = YES;
				GCC_WARN_ABOUT_RETURN_TYPE = YES_ERROR;
				GCC_WARN_UNDECLARED_SELECTOR = YES;
				GCC_WARN_UNINITIALIZED_AUTOS = YES_AGGRESSIVE;
				GCC_WARN_UNUSED_FUNCTION = YES;
				GCC_WARN_UNUSED_VARIABLE = YES;
				IPHONEOS_DEPLOYMENT_TARGET = 10.3;
				MTL_ENABLE_DEBUG_INFO = NO;
				SDKROOT = iphoneos;
				SWIFT_OPTIMIZATION_LEVEL = "-Owholemodule";
				TARGETED_DEVICE_FAMILY = "1,2";
				VALIDATE_PRODUCT = YES;
			};
			name = Release;
		};
		55147F601ED4FF4700724F86 /* Debug */ = {
			isa = XCBuildConfiguration;
			baseConfigurationReference = D93A1EE30F54CB39C044F314 /* Pods-FakeInstagram.debug.xcconfig */;
			buildSettings = {
				ASSETCATALOG_COMPILER_APPICON_NAME = AppIcon;
				DEVELOPMENT_TEAM = DE8BN3U97V;
				INFOPLIST_FILE = FakeInstagram/Info.plist;
				LD_RUNPATH_SEARCH_PATHS = "$(inherited) @executable_path/Frameworks";
				PRODUCT_BUNDLE_IDENTIFIER = Dave.FakeInstagram;
				PRODUCT_NAME = "$(TARGET_NAME)";
				SWIFT_VERSION = 3.0;
			};
			name = Debug;
		};
		55147F611ED4FF4700724F86 /* Release */ = {
			isa = XCBuildConfiguration;
			baseConfigurationReference = 3566A548AF8FBFBA675C0AE3 /* Pods-FakeInstagram.release.xcconfig */;
			buildSettings = {
				ASSETCATALOG_COMPILER_APPICON_NAME = AppIcon;
				DEVELOPMENT_TEAM = DE8BN3U97V;
				INFOPLIST_FILE = FakeInstagram/Info.plist;
				LD_RUNPATH_SEARCH_PATHS = "$(inherited) @executable_path/Frameworks";
				PRODUCT_BUNDLE_IDENTIFIER = Dave.FakeInstagram;
				PRODUCT_NAME = "$(TARGET_NAME)";
				SWIFT_VERSION = 3.0;
			};
			name = Release;
		};
		55147F631ED4FF4700724F86 /* Debug */ = {
			isa = XCBuildConfiguration;
			baseConfigurationReference = B285B34AB44841ED9DE4A038 /* Pods-FakeInstagramTests.debug.xcconfig */;
			buildSettings = {
				ALWAYS_EMBED_SWIFT_STANDARD_LIBRARIES = YES;
				BUNDLE_LOADER = "$(TEST_HOST)";
				DEVELOPMENT_TEAM = DE8BN3U97V;
				INFOPLIST_FILE = FakeInstagramTests/Info.plist;
				LD_RUNPATH_SEARCH_PATHS = "$(inherited) @executable_path/Frameworks @loader_path/Frameworks";
				PRODUCT_BUNDLE_IDENTIFIER = Dave.FakeInstagramTests;
				PRODUCT_NAME = "$(TARGET_NAME)";
				SWIFT_VERSION = 3.0;
				TEST_HOST = "$(BUILT_PRODUCTS_DIR)/FakeInstagram.app/FakeInstagram";
			};
			name = Debug;
		};
		55147F641ED4FF4700724F86 /* Release */ = {
			isa = XCBuildConfiguration;
			baseConfigurationReference = 072DADB5421C23ED32AD77A7 /* Pods-FakeInstagramTests.release.xcconfig */;
			buildSettings = {
				ALWAYS_EMBED_SWIFT_STANDARD_LIBRARIES = YES;
				BUNDLE_LOADER = "$(TEST_HOST)";
				DEVELOPMENT_TEAM = DE8BN3U97V;
				INFOPLIST_FILE = FakeInstagramTests/Info.plist;
				LD_RUNPATH_SEARCH_PATHS = "$(inherited) @executable_path/Frameworks @loader_path/Frameworks";
				PRODUCT_BUNDLE_IDENTIFIER = Dave.FakeInstagramTests;
				PRODUCT_NAME = "$(TARGET_NAME)";
				SWIFT_VERSION = 3.0;
				TEST_HOST = "$(BUILT_PRODUCTS_DIR)/FakeInstagram.app/FakeInstagram";
			};
			name = Release;
		};
		55147F661ED4FF4700724F86 /* Debug */ = {
			isa = XCBuildConfiguration;
			baseConfigurationReference = 662CB06D5BE0E785E744E8E0 /* Pods-FakeInstagramUITests.debug.xcconfig */;
			buildSettings = {
				ALWAYS_EMBED_SWIFT_STANDARD_LIBRARIES = YES;
				DEVELOPMENT_TEAM = DE8BN3U97V;
				INFOPLIST_FILE = FakeInstagramUITests/Info.plist;
				LD_RUNPATH_SEARCH_PATHS = "$(inherited) @executable_path/Frameworks @loader_path/Frameworks";
				PRODUCT_BUNDLE_IDENTIFIER = Dave.FakeInstagramUITests;
				PRODUCT_NAME = "$(TARGET_NAME)";
				SWIFT_VERSION = 3.0;
				TEST_TARGET_NAME = FakeInstagram;
			};
			name = Debug;
		};
		55147F671ED4FF4700724F86 /* Release */ = {
			isa = XCBuildConfiguration;
			baseConfigurationReference = 28CB2CB51BE6DF5F5246DF0B /* Pods-FakeInstagramUITests.release.xcconfig */;
			buildSettings = {
				ALWAYS_EMBED_SWIFT_STANDARD_LIBRARIES = YES;
				DEVELOPMENT_TEAM = DE8BN3U97V;
				INFOPLIST_FILE = FakeInstagramUITests/Info.plist;
				LD_RUNPATH_SEARCH_PATHS = "$(inherited) @executable_path/Frameworks @loader_path/Frameworks";
				PRODUCT_BUNDLE_IDENTIFIER = Dave.FakeInstagramUITests;
				PRODUCT_NAME = "$(TARGET_NAME)";
				SWIFT_VERSION = 3.0;
				TEST_TARGET_NAME = FakeInstagram;
			};
			name = Release;
		};
/* End XCBuildConfiguration section */

/* Begin XCConfigurationList section */
		55147F321ED4FF4700724F86 /* Build configuration list for PBXProject "FakeInstagram" */ = {
			isa = XCConfigurationList;
			buildConfigurations = (
				55147F5D1ED4FF4700724F86 /* Debug */,
				55147F5E1ED4FF4700724F86 /* Release */,
			);
			defaultConfigurationIsVisible = 0;
			defaultConfigurationName = Release;
		};
		55147F5F1ED4FF4700724F86 /* Build configuration list for PBXNativeTarget "FakeInstagram" */ = {
			isa = XCConfigurationList;
			buildConfigurations = (
				55147F601ED4FF4700724F86 /* Debug */,
				55147F611ED4FF4700724F86 /* Release */,
			);
			defaultConfigurationIsVisible = 0;
			defaultConfigurationName = Release;
		};
		55147F621ED4FF4700724F86 /* Build configuration list for PBXNativeTarget "FakeInstagramTests" */ = {
			isa = XCConfigurationList;
			buildConfigurations = (
				55147F631ED4FF4700724F86 /* Debug */,
				55147F641ED4FF4700724F86 /* Release */,
			);
			defaultConfigurationIsVisible = 0;
			defaultConfigurationName = Release;
		};
		55147F651ED4FF4700724F86 /* Build configuration list for PBXNativeTarget "FakeInstagramUITests" */ = {
			isa = XCConfigurationList;
			buildConfigurations = (
				55147F661ED4FF4700724F86 /* Debug */,
				55147F671ED4FF4700724F86 /* Release */,
			);
			defaultConfigurationIsVisible = 0;
			defaultConfigurationName = Release;
		};
/* End XCConfigurationList section */
	};
	rootObject = 55147F2F1ED4FF4700724F86 /* Project object */;
}
